Microsoft Visual Studio Solution File, Format Version 11.00
# Visual Studio 2008

Project("{F9851852-072F-5C47-F375-1D7311FD0C42}") = "CaveGeneration", "Assembly-CSharp.csproj", "{A2CC4AF2-445A-3741-B7B5-CD0579B57525}"
EndProject
Global
	GlobalSection(SolutionConfigurationPlatforms) = preSolution
		Debug|Any CPU = Debug|Any CPU
		Release|Any CPU = Release|Any CPU
	EndGlobalSection
	GlobalSection(ProjectConfigurationPlatforms) = postSolution
		{A2CC4AF2-445A-3741-B7B5-CD0579B57525}.Debug|Any CPU.ActiveCfg = Debug|Any CPU
		{A2CC4AF2-445A-3741-B7B5-CD0579B57525}.Debug|Any CPU.Build.0 = Debug|Any CPU
		{A2CC4AF2-445A-3741-B7B5-CD0579B57525}.Release|Any CPU.ActiveCfg = Release|Any CPU
		{A2CC4AF2-445A-3741-B7B5-CD0579B57525}.Release|Any CPU.Build.0 = Release|Any CPU
	EndGlobalSection
	GlobalSection(SolutionProperties) = preSolution
		HideSolutionNode = FALSE
	EndGlobalSection
	GlobalSection(MonoDevelopProperties) = preSolution
		StartupItem = Assembly-CSharp.csproj
	EndGlobalSection
EndGlobal
